
Microsoft Visual Studio Solution File, Format Version 12.00
# Visual Studio Version 17
VisualStudioVersion = 17.4.33103.184
MinimumVisualStudioVersion = 10.0.40219.1
Project("{FAE04EC0-301F-11D3-BF4B-00C04F79EFBC}") = "hatcyl.DataStructures.Frp", "hatcyl.DataStructures.Frp\hatcyl.DataStructures.Frp.csproj", "{84C40769-B8BA-495A-941D-F870010C6B6F}"
EndProject
Project("{FAE04EC0-301F-11D3-BF4B-00C04F79EFBC}") = "hatcyl.DataStructures.Frp.Tests", "hatcyl.DataStructures.Frp.Tests\hatcyl.DataStructures.Frp.Tests.csproj", "{D10DEE5C-D8EF-45FD-B78F-B5A0B0EB7FE8}"
EndProject
Global
	GlobalSection(SolutionConfigurationPlatforms) = preSolution
		Debug|Any CPU = Debug|Any CPU
		Release|Any CPU = Release|Any CPU
	EndGlobalSection
	GlobalSection(ProjectConfigurationPlatforms) = postSolution
		{84C40769-B8BA-495A-941D-F870010C6B6F}.Debug|Any CPU.ActiveCfg = Debug|Any CPU
		{84C40769-B8BA-495A-941D-F870010C6B6F}.Debug|Any CPU.Build.0 = Debug|Any CPU
		{84C40769-B8BA-495A-941D-F870010C6B6F}.Release|Any CPU.ActiveCfg = Release|Any CPU
		{84C40769-B8BA-495A-941D-F870010C6B6F}.Release|Any CPU.Build.0 = Release|Any CPU
		{D10DEE5C-D8EF-45FD-B78F-B5A0B0EB7FE8}.Debug|Any CPU.ActiveCfg = Debug|Any CPU
		{D10DEE5C-D8EF-45FD-B78F-B5A0B0EB7FE8}.Debug|Any CPU.Build.0 = Debug|Any CPU
		{D10DEE5C-D8EF-45FD-B78F-B5A0B0EB7FE8}.Release|Any CPU.ActiveCfg = Release|Any CPU
		{D10DEE5C-D8EF-45FD-B78F-B5A0B0EB7FE8}.Release|Any CPU.Build.0 = Release|Any CPU
	EndGlobalSection
	GlobalSection(SolutionProperties) = preSolution
		HideSolutionNode = FALSE
	EndGlobalSection
	GlobalSection(ExtensibilityGlobals) = postSolution
		SolutionGuid = {70F466BD-0EB1-407E-AE18-F4A572A4D358}
	EndGlobalSection
EndGlobal
